// !$*UTF8*$!
{
	archiveVersion = 1;
	classes = {
	};
	objectVersion = 55;
	objects = {

/* Begin PBXBuildFile section */
		57D5542E291AD5B90042A244 /* AppDelegate.swift in Sources */ = {isa = PBXBuildFile; fileRef = 57D5542D291AD5B90042A244 /* AppDelegate.swift */; };
		57D55430291AD5BA0042A244 /* SceneDelegate.swift in Sources */ = {isa = PBXBuildFile; fileRef = 57D5542F291AD5BA0042A244 /* SceneDelegate.swift */; };
		57D55432291AD5BA0042A244 /* MainTabBarViewController.swift in Sources */ = {isa = PBXBuildFile; fileRef = 57D55431291AD5BA0042A244 /* MainTabBarViewController.swift */; };
		57D55438291AD5BA0042A244 /* BlackBox.xcdatamodeld in Sources */ = {isa = PBXBuildFile; fileRef = 57D55436291AD5BA0042A244 /* BlackBox.xcdatamodeld */; };
		57D5543A291AD5BB0042A244 /* Assets.xcassets in Resources */ = {isa = PBXBuildFile; fileRef = 57D55439291AD5BB0042A244 /* Assets.xcassets */; };
		57D5543D291AD5BB0042A244 /* LaunchScreen.storyboard in Resources */ = {isa = PBXBuildFile; fileRef = 57D5543B291AD5BB0042A244 /* LaunchScreen.storyboard */; };
		57D55446291AD7D90042A244 /* HomeViewController.swift in Sources */ = {isa = PBXBuildFile; fileRef = 57D55445291AD7D90042A244 /* HomeViewController.swift */; };
		57D55448291ADAB80042A244 /* TeamViewController.swift in Sources */ = {isa = PBXBuildFile; fileRef = 57D55447291ADAB80042A244 /* TeamViewController.swift */; };
		57D5544A291ADAC60042A244 /* VitalsViewController.swift in Sources */ = {isa = PBXBuildFile; fileRef = 57D55449291ADAC60042A244 /* VitalsViewController.swift */; };
		57D5544C291ADAD50042A244 /* EnvironmentViewController.swift in Sources */ = {isa = PBXBuildFile; fileRef = 57D5544B291ADAD50042A244 /* EnvironmentViewController.swift */; };
		57D5544F291ADC060042A244 /* SummaryView.swift in Sources */ = {isa = PBXBuildFile; fileRef = 57D5544E291ADC060042A244 /* SummaryView.swift */; };
		57D55452291B09730042A244 /* SummaryMapView.swift in Sources */ = {isa = PBXBuildFile; fileRef = 57D55451291B09730042A244 /* SummaryMapView.swift */; };
		57D55456291B16B20042A244 /* Inter-VariableFont_slnt,wght.ttf in Resources */ = {isa = PBXBuildFile; fileRef = 57D55455291B16B20042A244 /* Inter-VariableFont_slnt,wght.ttf */; };
		57EF0951291B1FB2006C9D74 /* SensorTableViewCell.swift in Sources */ = {isa = PBXBuildFile; fileRef = 57EF0950291B1FB2006C9D74 /* SensorTableViewCell.swift */; };
		57EF0954291B2046006C9D74 /* Sensor.swift in Sources */ = {isa = PBXBuildFile; fileRef = 57EF0953291B2046006C9D74 /* Sensor.swift */; };
		57EF0956291B222C006C9D74 /* HealthImages.swift in Sources */ = {isa = PBXBuildFile; fileRef = 57EF0955291B222C006C9D74 /* HealthImages.swift */; };
		57EF0958291B32F8006C9D74 /* EnvironmentImages.swift in Sources */ = {isa = PBXBuildFile; fileRef = 57EF0957291B32F8006C9D74 /* EnvironmentImages.swift */; };
		57EF095A291C16C6006C9D74 /* SensorInfo.swift in Sources */ = {isa = PBXBuildFile; fileRef = 57EF0959291C16C6006C9D74 /* SensorInfo.swift */; };
		57EF095C291C1AAD006C9D74 /* SensorViewController.swift in Sources */ = {isa = PBXBuildFile; fileRef = 57EF095B291C1AAD006C9D74 /* SensorViewController.swift */; };
		A1B81C6A291C2D0C00469D98 /* SensorView.swift in Sources */ = {isa = PBXBuildFile; fileRef = A1B81C69291C2D0C00469D98 /* SensorView.swift */; };
		A1B81C6C291C69A600469D98 /* Data.swift in Sources */ = {isa = PBXBuildFile; fileRef = A1B81C6B291C69A600469D98 /* Data.swift */; };
/* End PBXBuildFile section */

/* Begin PBXFileReference section */
		57D5542A291AD5B90042A244 /* BlackBox.app */ = {isa = PBXFileReference; explicitFileType = wrapper.application; includeInIndex = 0; path = BlackBox.app; sourceTree = BUILT_PRODUCTS_DIR; };
		57D5542D291AD5B90042A244 /* AppDelegate.swift */ = {isa = PBXFileReference; lastKnownFileType = sourcecode.swift; path = AppDelegate.swift; sourceTree = "<group>"; };
		57D5542F291AD5BA0042A244 /* SceneDelegate.swift */ = {isa = PBXFileReference; lastKnownFileType = sourcecode.swift; path = SceneDelegate.swift; sourceTree = "<group>"; };
		57D55431291AD5BA0042A244 /* MainTabBarViewController.swift */ = {isa = PBXFileReference; lastKnownFileType = sourcecode.swift; path = MainTabBarViewController.swift; sourceTree = "<group>"; };
		57D55437291AD5BA0042A244 /* BlackBox.xcdatamodel */ = {isa = PBXFileReference; lastKnownFileType = wrapper.xcdatamodel; path = BlackBox.xcdatamodel; sourceTree = "<group>"; };
		57D55439291AD5BB0042A244 /* Assets.xcassets */ = {isa = PBXFileReference; lastKnownFileType = folder.assetcatalog; path = Assets.xcassets; sourceTree = "<group>"; };
		57D5543C291AD5BB0042A244 /* Base */ = {isa = PBXFileReference; lastKnownFileType = file.storyboard; name = Base; path = Base.lproj/LaunchScreen.storyboard; sourceTree = "<group>"; };
		57D5543E291AD5BB0042A244 /* Info.plist */ = {isa = PBXFileReference; lastKnownFileType = text.plist.xml; path = Info.plist; sourceTree = "<group>"; };
		57D55445291AD7D90042A244 /* HomeViewController.swift */ = {isa = PBXFileReference; lastKnownFileType = sourcecode.swift; path = HomeViewController.swift; sourceTree = "<group>"; };
		57D55447291ADAB80042A244 /* TeamViewController.swift */ = {isa = PBXFileReference; lastKnownFileType = sourcecode.swift; path = TeamViewController.swift; sourceTree = "<group>"; };
		57D55449291ADAC60042A244 /* VitalsViewController.swift */ = {isa = PBXFileReference; lastKnownFileType = sourcecode.swift; path = VitalsViewController.swift; sourceTree = "<group>"; };
		57D5544B291ADAD50042A244 /* EnvironmentViewController.swift */ = {isa = PBXFileReference; lastKnownFileType = sourcecode.swift; path = EnvironmentViewController.swift; sourceTree = "<group>"; };
		57D5544E291ADC060042A244 /* SummaryView.swift */ = {isa = PBXFileReference; lastKnownFileType = sourcecode.swift; path = SummaryView.swift; sourceTree = "<group>"; };
		57D55451291B09730042A244 /* SummaryMapView.swift */ = {isa = PBXFileReference; lastKnownFileType = sourcecode.swift; path = SummaryMapView.swift; sourceTree = "<group>"; };
		57D55455291B16B20042A244 /* Inter-VariableFont_slnt,wght.ttf */ = {isa = PBXFileReference; lastKnownFileType = file; path = "Inter-VariableFont_slnt,wght.ttf"; sourceTree = "<group>"; };
		57EF0950291B1FB2006C9D74 /* SensorTableViewCell.swift */ = {isa = PBXFileReference; lastKnownFileType = sourcecode.swift; path = SensorTableViewCell.swift; sourceTree = "<group>"; };
		57EF0953291B2046006C9D74 /* Sensor.swift */ = {isa = PBXFileReference; lastKnownFileType = sourcecode.swift; path = Sensor.swift; sourceTree = "<group>"; };
		57EF0955291B222C006C9D74 /* HealthImages.swift */ = {isa = PBXFileReference; lastKnownFileType = sourcecode.swift; path = HealthImages.swift; sourceTree = "<group>"; };
		57EF0957291B32F8006C9D74 /* EnvironmentImages.swift */ = {isa = PBXFileReference; lastKnownFileType = sourcecode.swift; path = EnvironmentImages.swift; sourceTree = "<group>"; };
		57EF0959291C16C6006C9D74 /* SensorInfo.swift */ = {isa = PBXFileReference; lastKnownFileType = sourcecode.swift; path = SensorInfo.swift; sourceTree = "<group>"; };
		57EF095B291C1AAD006C9D74 /* SensorViewController.swift */ = {isa = PBXFileReference; lastKnownFileType = sourcecode.swift; path = SensorViewController.swift; sourceTree = "<group>"; };
		A1B81C69291C2D0C00469D98 /* SensorView.swift */ = {isa = PBXFileReference; lastKnownFileType = sourcecode.swift; path = SensorView.swift; sourceTree = "<group>"; };
		A1B81C6B291C69A600469D98 /* Data.swift */ = {isa = PBXFileReference; lastKnownFileType = sourcecode.swift; path = Data.swift; sourceTree = "<group>"; };
/* End PBXFileReference section */

/* Begin PBXFrameworksBuildPhase section */
		57D55427291AD5B90042A244 /* Frameworks */ = {
			isa = PBXFrameworksBuildPhase;
			buildActionMask = 2147483647;
			files = (
			);
			runOnlyForDeploymentPostprocessing = 0;
		};
/* End PBXFrameworksBuildPhase section */

/* Begin PBXGroup section */
		57D55421291AD5B90042A244 = {
			isa = PBXGroup;
			children = (
				57D5542C291AD5B90042A244 /* BlackBox */,
				57D5542B291AD5B90042A244 /* Products */,
			);
			sourceTree = "<group>";
		};
		57D5542B291AD5B90042A244 /* Products */ = {
			isa = PBXGroup;
			children = (
				57D5542A291AD5B90042A244 /* BlackBox.app */,
			);
			name = Products;
			sourceTree = "<group>";
		};
		57D5542C291AD5B90042A244 /* BlackBox */ = {
			isa = PBXGroup;
			children = (
				57EF0952291B2037006C9D74 /* Models */,
				57D55453291B163B0042A244 /* Fonts */,
				57D55450291B08F70042A244 /* UIViews */,
				57D5544D291ADBF00042A244 /* SwiftUIViews */,
				57D55444291AD7C00042A244 /* ViewControllers */,
				57D5542D291AD5B90042A244 /* AppDelegate.swift */,
				57D5542F291AD5BA0042A244 /* SceneDelegate.swift */,
				57D55431291AD5BA0042A244 /* MainTabBarViewController.swift */,
				57D55439291AD5BB0042A244 /* Assets.xcassets */,
				57D5543B291AD5BB0042A244 /* LaunchScreen.storyboard */,
				57D5543E291AD5BB0042A244 /* Info.plist */,
				57D55436291AD5BA0042A244 /* BlackBox.xcdatamodeld */,
			);
			path = BlackBox;
			sourceTree = "<group>";
		};
		57D55444291AD7C00042A244 /* ViewControllers */ = {
			isa = PBXGroup;
			children = (
				57EF095D291C1BA7006C9D74 /* DataViewControllers */,
				57D55445291AD7D90042A244 /* HomeViewController.swift */,
				57D55449291ADAC60042A244 /* VitalsViewController.swift */,
				57D5544B291ADAD50042A244 /* EnvironmentViewController.swift */,
				57D55447291ADAB80042A244 /* TeamViewController.swift */,
			);
			path = ViewControllers;
			sourceTree = "<group>";
		};
		57D5544D291ADBF00042A244 /* SwiftUIViews */ = {
			isa = PBXGroup;
			children = (
				57D5544E291ADC060042A244 /* SummaryView.swift */,
				A1B81C69291C2D0C00469D98 /* SensorView.swift */,
			);
			path = SwiftUIViews;
			sourceTree = "<group>";
		};
		57D55450291B08F70042A244 /* UIViews */ = {
			isa = PBXGroup;
			children = (
				57D55451291B09730042A244 /* SummaryMapView.swift */,
				57EF0950291B1FB2006C9D74 /* SensorTableViewCell.swift */,
			);
			path = UIViews;
			sourceTree = "<group>";
		};
		57D55453291B163B0042A244 /* Fonts */ = {
			isa = PBXGroup;
			children = (
				57D55455291B16B20042A244 /* Inter-VariableFont_slnt,wght.ttf */,
			);
			path = Fonts;
			sourceTree = "<group>";
		};
		57EF0952291B2037006C9D74 /* Models */ = {
			isa = PBXGroup;
			children = (
				57EF0953291B2046006C9D74 /* Sensor.swift */,
				57EF0955291B222C006C9D74 /* HealthImages.swift */,
				57EF0957291B32F8006C9D74 /* EnvironmentImages.swift */,
				57EF0959291C16C6006C9D74 /* SensorInfo.swift */,
				A1B81C6B291C69A600469D98 /* Data.swift */,
			);
			path = Models;
			sourceTree = "<group>";
		};
		57EF095D291C1BA7006C9D74 /* DataViewControllers */ = {
			isa = PBXGroup;
			children = (
				57EF095B291C1AAD006C9D74 /* SensorViewController.swift */,
			);
			path = DataViewControllers;
			sourceTree = "<group>";
		};
/* End PBXGroup section */

/* Begin PBXNativeTarget section */
		57D55429291AD5B90042A244 /* BlackBox */ = {
			isa = PBXNativeTarget;
			buildConfigurationList = 57D55441291AD5BB0042A244 /* Build configuration list for PBXNativeTarget "BlackBox" */;
			buildPhases = (
				57D55426291AD5B90042A244 /* Sources */,
				57D55427291AD5B90042A244 /* Frameworks */,
				57D55428291AD5B90042A244 /* Resources */,
			);
			buildRules = (
			);
			dependencies = (
			);
			name = BlackBox;
			productName = BlackBox;
			productReference = 57D5542A291AD5B90042A244 /* BlackBox.app */;
			productType = "com.apple.product-type.application";
		};
/* End PBXNativeTarget section */

/* Begin PBXProject section */
		57D55422291AD5B90042A244 /* Project object */ = {
			isa = PBXProject;
			attributes = {
				BuildIndependentTargetsInParallel = 1;
				LastSwiftUpdateCheck = 1340;
				LastUpgradeCheck = 1340;
				TargetAttributes = {
					57D55429291AD5B90042A244 = {
						CreatedOnToolsVersion = 13.4.1;
					};
				};
			};
			buildConfigurationList = 57D55425291AD5B90042A244 /* Build configuration list for PBXProject "BlackBox" */;
			compatibilityVersion = "Xcode 13.0";
			developmentRegion = en;
			hasScannedForEncodings = 0;
			knownRegions = (
				en,
				Base,
			);
			mainGroup = 57D55421291AD5B90042A244;
			productRefGroup = 57D5542B291AD5B90042A244 /* Products */;
			projectDirPath = "";
			projectRoot = "";
			targets = (
				57D55429291AD5B90042A244 /* BlackBox */,
			);
		};
/* End PBXProject section */

/* Begin PBXResourcesBuildPhase section */
		57D55428291AD5B90042A244 /* Resources */ = {
			isa = PBXResourcesBuildPhase;
			buildActionMask = 2147483647;
			files = (
				57D5543D291AD5BB0042A244 /* LaunchScreen.storyboard in Resources */,
				57D55456291B16B20042A244 /* Inter-VariableFont_slnt,wght.ttf in Resources */,
				57D5543A291AD5BB0042A244 /* Assets.xcassets in Resources */,
			);
			runOnlyForDeploymentPostprocessing = 0;
		};
/* End PBXResourcesBuildPhase section */

/* Begin PBXSourcesBuildPhase section */
		57D55426291AD5B90042A244 /* Sources */ = {
			isa = PBXSourcesBuildPhase;
			buildActionMask = 2147483647;
			files = (
				57D55446291AD7D90042A244 /* HomeViewController.swift in Sources */,
				57EF0954291B2046006C9D74 /* Sensor.swift in Sources */,
				57EF0956291B222C006C9D74 /* HealthImages.swift in Sources */,
				57D55448291ADAB80042A244 /* TeamViewController.swift in Sources */,
				57D55432291AD5BA0042A244 /* MainTabBarViewController.swift in Sources */,
				57D5544A291ADAC60042A244 /* VitalsViewController.swift in Sources */,
				57EF095A291C16C6006C9D74 /* SensorInfo.swift in Sources */,
				A1B81C6C291C69A600469D98 /* Data.swift in Sources */,
				57D55452291B09730042A244 /* SummaryMapView.swift in Sources */,
				57D5542E291AD5B90042A244 /* AppDelegate.swift in Sources */,
				57EF0951291B1FB2006C9D74 /* SensorTableViewCell.swift in Sources */,
				57D55430291AD5BA0042A244 /* SceneDelegate.swift in Sources */,
				57D5544C291ADAD50042A244 /* EnvironmentViewController.swift in Sources */,
				57D55438291AD5BA0042A244 /* BlackBox.xcdatamodeld in Sources */,
				57D5544F291ADC060042A244 /* SummaryView.swift in Sources */,
				57EF095C291C1AAD006C9D74 /* SensorViewController.swift in Sources */,
				A1B81C6A291C2D0C00469D98 /* SensorView.swift in Sources */,
				57EF0958291B32F8006C9D74 /* EnvironmentImages.swift in Sources */,
			);
			runOnlyForDeploymentPostprocessing = 0;
		};
/* End PBXSourcesBuildPhase section */

/* Begin PBXVariantGroup section */
		57D5543B291AD5BB0042A244 /* LaunchScreen.storyboard */ = {
			isa = PBXVariantGroup;
			children = (
				57D5543C291AD5BB0042A244 /* Base */,
			);
			name = LaunchScreen.storyboard;
			sourceTree = "<group>";
		};
/* End PBXVariantGroup section */

/* Begin XCBuildConfiguration section */
		57D5543F291AD5BB0042A244 /* Debug */ = {
			isa = XCBuildConfiguration;
			buildSettings = {
				ALWAYS_SEARCH_USER_PATHS = NO;
				CLANG_ANALYZER_NONNULL = YES;
				CLANG_ANALYZER_NUMBER_OBJECT_CONVERSION = YES_AGGRESSIVE;
				CLANG_CXX_LANGUAGE_STANDARD = "gnu++17";
				CLANG_ENABLE_MODULES = YES;
				CLANG_ENABLE_OBJC_ARC = YES;
				CLANG_ENABLE_OBJC_WEAK = YES;
				CLANG_WARN_BLOCK_CAPTURE_AUTORELEASING = YES;
				CLANG_WARN_BOOL_CONVERSION = YES;
				CLANG_WARN_COMMA = YES;
				CLANG_WARN_CONSTANT_CONVERSION = YES;
				CLANG_WARN_DEPRECATED_OBJC_IMPLEMENTATIONS = YES;
				CLANG_WARN_DIRECT_OBJC_ISA_USAGE = YES_ERROR;
				CLANG_WARN_DOCUMENTATION_COMMENTS = YES;
				CLANG_WARN_EMPTY_BODY = YES;
				CLANG_WARN_ENUM_CONVERSION = YES;
				CLANG_WARN_INFINITE_RECURSION = YES;
				CLANG_WARN_INT_CONVERSION = YES;
				CLANG_WARN_NON_LITERAL_NULL_CONVERSION = YES;
				CLANG_WARN_OBJC_IMPLICIT_RETAIN_SELF = YES;
				CLANG_WARN_OBJC_LITERAL_CONVERSION = YES;
				CLANG_WARN_OBJC_ROOT_CLASS = YES_ERROR;
				CLANG_WARN_QUOTED_INCLUDE_IN_FRAMEWORK_HEADER = YES;
				CLANG_WARN_RANGE_LOOP_ANALYSIS = YES;
				CLANG_WARN_STRICT_PROTOTYPES = YES;
				CLANG_WARN_SUSPICIOUS_MOVE = YES;
				CLANG_WARN_UNGUARDED_AVAILABILITY = YES_AGGRESSIVE;
				CLANG_WARN_UNREACHABLE_CODE = YES;
				CLANG_WARN__DUPLICATE_METHOD_MATCH = YES;
				COPY_PHASE_STRIP = NO;
				DEBUG_INFORMATION_FORMAT = dwarf;
				ENABLE_STRICT_OBJC_MSGSEND = YES;
				ENABLE_TESTABILITY = YES;
				GCC_C_LANGUAGE_STANDARD = gnu11;
				GCC_DYNAMIC_NO_PIC = NO;
				GCC_NO_COMMON_BLOCKS = YES;
				GCC_OPTIMIZATION_LEVEL = 0;
				GCC_PREPROCESSOR_DEFINITIONS = (
					"DEBUG=1",
					"$(inherited)",
				);
				GCC_WARN_64_TO_32_BIT_CONVERSION = YES;
				GCC_WARN_ABOUT_RETURN_TYPE = YES_ERROR;
				GCC_WARN_UNDECLARED_SELECTOR = YES;
				GCC_WARN_UNINITIALIZED_AUTOS = YES_AGGRESSIVE;
				GCC_WARN_UNUSED_FUNCTION = YES;
				GCC_WARN_UNUSED_VARIABLE = YES;
				IPHONEOS_DEPLOYMENT_TARGET = 15.5;
				MTL_ENABLE_DEBUG_INFO = INCLUDE_SOURCE;
				MTL_FAST_MATH = YES;
				ONLY_ACTIVE_ARCH = YES;
				SDKROOT = iphoneos;
				SWIFT_ACTIVE_COMPILATION_CONDITIONS = DEBUG;
				SWIFT_OPTIMIZATION_LEVEL = "-Onone";
			};
			name = Debug;
		};
		57D55440291AD5BB0042A244 /* Release */ = {
			isa = XCBuildConfiguration;
			buildSettings = {
				ALWAYS_SEARCH_USER_PATHS = NO;
				CLANG_ANALYZER_NONNULL = YES;
				CLANG_ANALYZER_NUMBER_OBJECT_CONVERSION = YES_AGGRESSIVE;
				CLANG_CXX_LANGUAGE_STANDARD = "gnu++17";
				CLANG_ENABLE_MODULES = YES;
				CLANG_ENABLE_OBJC_ARC = YES;
				CLANG_ENABLE_OBJC_WEAK = YES;
				CLANG_WARN_BLOCK_CAPTURE_AUTORELEASING = YES;
				CLANG_WARN_BOOL_CONVERSION = YES;
				CLANG_WARN_COMMA = YES;
				CLANG_WARN_CONSTANT_CONVERSION = YES;
				CLANG_WARN_DEPRECATED_OBJC_IMPLEMENTATIONS = YES;
				CLANG_WARN_DIRECT_OBJC_ISA_USAGE = YES_ERROR;
				CLANG_WARN_DOCUMENTATION_COMMENTS = YES;
				CLANG_WARN_EMPTY_BODY = YES;
				CLANG_WARN_ENUM_CONVERSION = YES;
				CLANG_WARN_INFINITE_RECURSION = YES;
				CLANG_WARN_INT_CONVERSION = YES;
				CLANG_WARN_NON_LITERAL_NULL_CONVERSION = YES;
				CLANG_WARN_OBJC_IMPLICIT_RETAIN_SELF = YES;
				CLANG_WARN_OBJC_LITERAL_CONVERSION = YES;
				CLANG_WARN_OBJC_ROOT_CLASS = YES_ERROR;
				CLANG_WARN_QUOTED_INCLUDE_IN_FRAMEWORK_HEADER = YES;
				CLANG_WARN_RANGE_LOOP_ANALYSIS = YES;
				CLANG_WARN_STRICT_PROTOTYPES = YES;
				CLANG_WARN_SUSPICIOUS_MOVE = YES;
				CLANG_WARN_UNGUARDED_AVAILABILITY = YES_AGGRESSIVE;
				CLANG_WARN_UNREACHABLE_CODE = YES;
				CLANG_WARN__DUPLICATE_METHOD_MATCH = YES;
				COPY_PHASE_STRIP = NO;
				DEBUG_INFORMATION_FORMAT = "dwarf-with-dsym";
				ENABLE_NS_ASSERTIONS = NO;
				ENABLE_STRICT_OBJC_MSGSEND = YES;
				GCC_C_LANGUAGE_STANDARD = gnu11;
				GCC_NO_COMMON_BLOCKS = YES;
				GCC_WARN_64_TO_32_BIT_CONVERSION = YES;
				GCC_WARN_ABOUT_RETURN_TYPE = YES_ERROR;
				GCC_WARN_UNDECLARED_SELECTOR = YES;
				GCC_WARN_UNINITIALIZED_AUTOS = YES_AGGRESSIVE;
				GCC_WARN_UNUSED_FUNCTION = YES;
				GCC_WARN_UNUSED_VARIABLE = YES;
				IPHONEOS_DEPLOYMENT_TARGET = 15.5;
				MTL_ENABLE_DEBUG_INFO = NO;
				MTL_FAST_MATH = YES;
				SDKROOT = iphoneos;
				SWIFT_COMPILATION_MODE = wholemodule;
				SWIFT_OPTIMIZATION_LEVEL = "-O";
				VALIDATE_PRODUCT = YES;
			};
			name = Release;
		};
		57D55442291AD5BB0042A244 /* Debug */ = {
			isa = XCBuildConfiguration;
			buildSettings = {
				ASSETCATALOG_COMPILER_APPICON_NAME = AppIcon;
				ASSETCATALOG_COMPILER_GLOBAL_ACCENT_COLOR_NAME = AccentColor;
				CODE_SIGN_STYLE = Automatic;
				CURRENT_PROJECT_VERSION = 1;
				DEVELOPMENT_TEAM = 4C7H6LPRHA;
				GENERATE_INFOPLIST_FILE = YES;
				INFOPLIST_FILE = BlackBox/Info.plist;
				INFOPLIST_KEY_UIApplicationSupportsIndirectInputEvents = YES;
				INFOPLIST_KEY_UILaunchStoryboardName = LaunchScreen;
				INFOPLIST_KEY_UISupportedInterfaceOrientations_iPad = "UIInterfaceOrientationPortrait UIInterfaceOrientationPortraitUpsideDown UIInterfaceOrientationLandscapeLeft UIInterfaceOrientationLandscapeRight";
				INFOPLIST_KEY_UISupportedInterfaceOrientations_iPhone = "UIInterfaceOrientationPortrait UIInterfaceOrientationLandscapeLeft UIInterfaceOrientationLandscapeRight";
				IPHONEOS_DEPLOYMENT_TARGET = 16.0;
				LD_RUNPATH_SEARCH_PATHS = (
					"$(inherited)",
					"@executable_path/Frameworks",
				);
				MARKETING_VERSION = 1.0;
				PRODUCT_BUNDLE_IDENTIFIER = com.AnnaJohnson.BlackBox;
				PRODUCT_NAME = "$(TARGET_NAME)";
				SWIFT_EMIT_LOC_STRINGS = YES;
				SWIFT_VERSION = 5.0;
				TARGETED_DEVICE_FAMILY = "1,2";
			};
			name = Debug;
		};
		57D55443291AD5BB0042A244 /* Release */ = {
			isa = XCBuildConfiguration;
			buildSettings = {
				ASSETCATALOG_COMPILER_APPICON_NAME = AppIcon;
				ASSETCATALOG_COMPILER_GLOBAL_ACCENT_COLOR_NAME = AccentColor;
				CODE_SIGN_STYLE = Automatic;
				CURRENT_PROJECT_VERSION = 1;
				DEVELOPMENT_TEAM = 4C7H6LPRHA;
				GENERATE_INFOPLIST_FILE = YES;
				INFOPLIST_FILE = BlackBox/Info.plist;
				INFOPLIST_KEY_UIApplicationSupportsIndirectInputEvents = YES;
				INFOPLIST_KEY_UILaunchStoryboardName = LaunchScreen;
				INFOPLIST_KEY_UISupportedInterfaceOrientations_iPad = "UIInterfaceOrientationPortrait UIInterfaceOrientationPortraitUpsideDown UIInterfaceOrientationLandscapeLeft UIInterfaceOrientationLandscapeRight";
				INFOPLIST_KEY_UISupportedInterfaceOrientations_iPhone = "UIInterfaceOrientationPortrait UIInterfaceOrientationLandscapeLeft UIInterfaceOrientationLandscapeRight";
				IPHONEOS_DEPLOYMENT_TARGET = 16.0;
				LD_RUNPATH_SEARCH_PATHS = (
					"$(inherited)",
					"@executable_path/Frameworks",
				);
				MARKETING_VERSION = 1.0;
				PRODUCT_BUNDLE_IDENTIFIER = com.AnnaJohnson.BlackBox;
				PRODUCT_NAME = "$(TARGET_NAME)";
				SWIFT_EMIT_LOC_STRINGS = YES;
				SWIFT_VERSION = 5.0;
				TARGETED_DEVICE_FAMILY = "1,2";
			};
			name = Release;
		};
/* End XCBuildConfiguration section */

/* Begin XCConfigurationList section */
		57D55425291AD5B90042A244 /* Build configuration list for PBXProject "BlackBox" */ = {
			isa = XCConfigurationList;
			buildConfigurations = (
				57D5543F291AD5BB0042A244 /* Debug */,
				57D55440291AD5BB0042A244 /* Release */,
			);
			defaultConfigurationIsVisible = 0;
			defaultConfigurationName = Release;
		};
		57D55441291AD5BB0042A244 /* Build configuration list for PBXNativeTarget "BlackBox" */ = {
			isa = XCConfigurationList;
			buildConfigurations = (
				57D55442291AD5BB0042A244 /* Debug */,
				57D55443291AD5BB0042A244 /* Release */,
			);
			defaultConfigurationIsVisible = 0;
			defaultConfigurationName = Release;
		};
/* End XCConfigurationList section */

/* Begin XCVersionGroup section */
		57D55436291AD5BA0042A244 /* BlackBox.xcdatamodeld */ = {
			isa = XCVersionGroup;
			children = (
				57D55437291AD5BA0042A244 /* BlackBox.xcdatamodel */,
			);
			currentVersion = 57D55437291AD5BA0042A244 /* BlackBox.xcdatamodel */;
			path = BlackBox.xcdatamodeld;
			sourceTree = "<group>";
			versionGroupType = wrapper.xcdatamodel;
		};
/* End XCVersionGroup section */
	};
	rootObject = 57D55422291AD5B90042A244 /* Project object */;
}
